
Microsoft Visual Studio Solution File, Format Version 12.00
Project("{FAE04EC0-301F-11D3-BF4B-00C04F79EFBC}") = "CalebSewcharran_WBS_Assessment", "CalebSewcharran_WBS_Assessment\CalebSewcharran_WBS_Assessment.csproj", "{A3B9BD7E-0128-40DF-855C-4892F3E78B58}"
EndProject
Global
	GlobalSection(SolutionConfigurationPlatforms) = preSolution
		Debug|Any CPU = Debug|Any CPU
		Release|Any CPU = Release|Any CPU
	EndGlobalSection
	GlobalSection(ProjectConfigurationPlatforms) = postSolution
		{A3B9BD7E-0128-40DF-855C-4892F3E78B58}.Debug|Any CPU.ActiveCfg = Debug|Any CPU
		{A3B9BD7E-0128-40DF-855C-4892F3E78B58}.Debug|Any CPU.Build.0 = Debug|Any CPU
		{A3B9BD7E-0128-40DF-855C-4892F3E78B58}.Release|Any CPU.ActiveCfg = Release|Any CPU
		{A3B9BD7E-0128-40DF-855C-4892F3E78B58}.Release|Any CPU.Build.0 = Release|Any CPU
	EndGlobalSection
EndGlobal
